
Microsoft Visual Studio Solution File, Format Version 10.00
# Visual Studio 2008
Project("{8BC9CEB8-8B4A-11D0-8D11-00A0C91BC942}") = "N64SoundListTool", "N64SoundListTool.vcproj", "{5748BF74-AD68-4C69-8575-4B2BC6AD3122}"
EndProject
Global
	GlobalSection(SolutionConfigurationPlatforms) = preSolution
		Debug|Win32 = Debug|Win32
		Release|Win32 = Release|Win32
	EndGlobalSection
	GlobalSection(ProjectConfigurationPlatforms) = postSolution
		{5748BF74-AD68-4C69-8575-4B2BC6AD3122}.Debug|Win32.ActiveCfg = Debug|Win32
		{5748BF74-AD68-4C69-8575-4B2BC6AD3122}.Debug|Win32.Build.0 = Debug|Win32
		{5748BF74-AD68-4C69-8575-4B2BC6AD3122}.Release|Win32.ActiveCfg = Release|Win32
		{5748BF74-AD68-4C69-8575-4B2BC6AD3122}.Release|Win32.Build.0 = Release|Win32
	EndGlobalSection
	GlobalSection(SolutionProperties) = preSolution
		HideSolutionNode = FALSE
	EndGlobalSection
EndGlobal
